
Microsoft Visual Studio Solution File, Format Version 12.00
# Visual Studio 15
VisualStudioVersion = 15.0.28307.757
MinimumVisualStudioVersion = 10.0.40219.1
Project("{FAE04EC0-301F-11D3-BF4B-00C04F79EFBC}") = "ChatBot2", "ChatBot2\ChatBot2.csproj", "{0395A054-FFB2-4615-8C50-5625E6AC7517}"
EndProject
Global
	GlobalSection(SolutionConfigurationPlatforms) = preSolution
		Debug|Any CPU = Debug|Any CPU
		Release|Any CPU = Release|Any CPU
	EndGlobalSection
	GlobalSection(ProjectConfigurationPlatforms) = postSolution
		{0395A054-FFB2-4615-8C50-5625E6AC7517}.Debug|Any CPU.ActiveCfg = Debug|Any CPU
		{0395A054-FFB2-4615-8C50-5625E6AC7517}.Debug|Any CPU.Build.0 = Debug|Any CPU
		{0395A054-FFB2-4615-8C50-5625E6AC7517}.Release|Any CPU.ActiveCfg = Release|Any CPU
		{0395A054-FFB2-4615-8C50-5625E6AC7517}.Release|Any CPU.Build.0 = Release|Any CPU
	EndGlobalSection
	GlobalSection(SolutionProperties) = preSolution
		HideSolutionNode = FALSE
	EndGlobalSection
	GlobalSection(ExtensibilityGlobals) = postSolution
		SolutionGuid = {F723FCA8-0CD3-4F55-842B-4E6E7B5435E8}
	EndGlobalSection
EndGlobal
